
Microsoft Visual Studio Solution File, Format Version 12.00
# Visual Studio Version 17
VisualStudioVersion = 17.11.35327.3
MinimumVisualStudioVersion = 10.0.40219.1
Project("{FAE04EC0-301F-11D3-BF4B-00C04F79EFBC}") = "CRUD.Presentation", "CRUD.Presentation\CRUD.Presentation.csproj", "{32F2A105-5F66-456E-ADA0-9A44C2889E77}"
EndProject
Project("{FAE04EC0-301F-11D3-BF4B-00C04F79EFBC}") = "CRUD.Application", "CRUD.Application\CRUD.Application.csproj", "{158B8AFD-D9C0-4B7E-A7CB-BF14D9D3C0DE}"
EndProject
Project("{FAE04EC0-301F-11D3-BF4B-00C04F79EFBC}") = "CRUD.Domain", "CRUD.Domain\CRUD.Domain.csproj", "{534348C2-6ED5-4D9F-AD4C-AD7D558E1083}"
EndProject
Project("{FAE04EC0-301F-11D3-BF4B-00C04F79EFBC}") = "CRUD.Infrastructure", "CRUD.Infrastructure\CRUD.Infrastructure.csproj", "{877F4021-65EB-4396-8C01-BDFF781AABE8}"
EndProject
Global
	GlobalSection(SolutionConfigurationPlatforms) = preSolution
		Debug|Any CPU = Debug|Any CPU
		Release|Any CPU = Release|Any CPU
	EndGlobalSection
	GlobalSection(ProjectConfigurationPlatforms) = postSolution
		{32F2A105-5F66-456E-ADA0-9A44C2889E77}.Debug|Any CPU.ActiveCfg = Debug|Any CPU
		{32F2A105-5F66-456E-ADA0-9A44C2889E77}.Debug|Any CPU.Build.0 = Debug|Any CPU
		{32F2A105-5F66-456E-ADA0-9A44C2889E77}.Release|Any CPU.ActiveCfg = Release|Any CPU
		{32F2A105-5F66-456E-ADA0-9A44C2889E77}.Release|Any CPU.Build.0 = Release|Any CPU
		{158B8AFD-D9C0-4B7E-A7CB-BF14D9D3C0DE}.Debug|Any CPU.ActiveCfg = Debug|Any CPU
		{158B8AFD-D9C0-4B7E-A7CB-BF14D9D3C0DE}.Debug|Any CPU.Build.0 = Debug|Any CPU
		{158B8AFD-D9C0-4B7E-A7CB-BF14D9D3C0DE}.Release|Any CPU.ActiveCfg = Release|Any CPU
		{158B8AFD-D9C0-4B7E-A7CB-BF14D9D3C0DE}.Release|Any CPU.Build.0 = Release|Any CPU
		{534348C2-6ED5-4D9F-AD4C-AD7D558E1083}.Debug|Any CPU.ActiveCfg = Debug|Any CPU
		{534348C2-6ED5-4D9F-AD4C-AD7D558E1083}.Debug|Any CPU.Build.0 = Debug|Any CPU
		{534348C2-6ED5-4D9F-AD4C-AD7D558E1083}.Release|Any CPU.ActiveCfg = Release|Any CPU
		{534348C2-6ED5-4D9F-AD4C-AD7D558E1083}.Release|Any CPU.Build.0 = Release|Any CPU
		{877F4021-65EB-4396-8C01-BDFF781AABE8}.Debug|Any CPU.ActiveCfg = Debug|Any CPU
		{877F4021-65EB-4396-8C01-BDFF781AABE8}.Debug|Any CPU.Build.0 = Debug|Any CPU
		{877F4021-65EB-4396-8C01-BDFF781AABE8}.Release|Any CPU.ActiveCfg = Release|Any CPU
		{877F4021-65EB-4396-8C01-BDFF781AABE8}.Release|Any CPU.Build.0 = Release|Any CPU
	EndGlobalSection
	GlobalSection(SolutionProperties) = preSolution
		HideSolutionNode = FALSE
	EndGlobalSection
	GlobalSection(ExtensibilityGlobals) = postSolution
		SolutionGuid = {56CF3616-2B6A-4B9E-8913-960E483A5111}
	EndGlobalSection
EndGlobal
